
Microsoft Visual Studio Solution File, Format Version 12.00
# Visual Studio Version 16
VisualStudioVersion = 16.0.29123.88
MinimumVisualStudioVersion = 10.0.40219.1
Project("{FAE04EC0-301F-11D3-BF4B-00C04F79EFBC}") = "ProyectoFinal", "ProyectoFinal\ProyectoFinal.csproj", "{03A112A6-5E81-49A9-B759-062CD34D9EB6}"
EndProject
Global
	GlobalSection(SolutionConfigurationPlatforms) = preSolution
		Debug|Any CPU = Debug|Any CPU
		Release|Any CPU = Release|Any CPU
	EndGlobalSection
	GlobalSection(ProjectConfigurationPlatforms) = postSolution
		{03A112A6-5E81-49A9-B759-062CD34D9EB6}.Debug|Any CPU.ActiveCfg = Debug|Any CPU
		{03A112A6-5E81-49A9-B759-062CD34D9EB6}.Debug|Any CPU.Build.0 = Debug|Any CPU
		{03A112A6-5E81-49A9-B759-062CD34D9EB6}.Release|Any CPU.ActiveCfg = Release|Any CPU
		{03A112A6-5E81-49A9-B759-062CD34D9EB6}.Release|Any CPU.Build.0 = Release|Any CPU
	EndGlobalSection
	GlobalSection(SolutionProperties) = preSolution
		HideSolutionNode = FALSE
	EndGlobalSection
	GlobalSection(ExtensibilityGlobals) = postSolution
		SolutionGuid = {EC65733D-180E-4663-ABCB-991F621642E6}
	EndGlobalSection
EndGlobal
